
Microsoft Visual Studio Solution File, Format Version 11.00
# Visual Studio 2010
Project("{FAE04EC0-301F-11D3-BF4B-00C04F79EFBC}") = "Assembly-CSharp", "Assembly-CSharp.csproj", "{43096f6f-daaa-80f9-a691-1f28c30525c3}"
EndProject
Project("{FAE04EC0-301F-11D3-BF4B-00C04F79EFBC}") = "Assembly-CSharp-firstpass", "Assembly-CSharp-firstpass.csproj", "{f5568365-e5cf-597b-ef09-478dea37463a}"
EndProject
Project("{FAE04EC0-301F-11D3-BF4B-00C04F79EFBC}") = "Andtech.StarPack.Editor", "Andtech.StarPack.Editor.csproj", "{0a523208-c043-c840-2a4f-89f89b7799f2}"
EndProject
Global
	GlobalSection(SolutionConfigurationPlatforms) = preSolution
		Debug|Any CPU = Debug|Any CPU
	EndGlobalSection
	GlobalSection(ProjectConfigurationPlatforms) = postSolution
		{43096f6f-daaa-80f9-a691-1f28c30525c3}.Debug|Any CPU.ActiveCfg = Debug|Any CPU
		{43096f6f-daaa-80f9-a691-1f28c30525c3}.Debug|Any CPU.Build.0 = Debug|Any CPU
		{f5568365-e5cf-597b-ef09-478dea37463a}.Debug|Any CPU.ActiveCfg = Debug|Any CPU
		{f5568365-e5cf-597b-ef09-478dea37463a}.Debug|Any CPU.Build.0 = Debug|Any CPU
		{0a523208-c043-c840-2a4f-89f89b7799f2}.Debug|Any CPU.ActiveCfg = Debug|Any CPU
		{0a523208-c043-c840-2a4f-89f89b7799f2}.Debug|Any CPU.Build.0 = Debug|Any CPU
	EndGlobalSection
	GlobalSection(SolutionProperties) = preSolution
		HideSolutionNode = FALSE
	EndGlobalSection
EndGlobal
